
Microsoft Visual Studio Solution File, Format Version 12.00
# Visual Studio 15
VisualStudioVersion = 15.0.28307.902
MinimumVisualStudioVersion = 10.0.40219.1
Project("{FAE04EC0-301F-11D3-BF4B-00C04F79EFBC}") = "ServerSide", "EnterpriseProject\ServerSide.csproj", "{C6BCD977-9B0D-4404-BD36-332044B0CD25}"
EndProject
Project("{FAE04EC0-301F-11D3-BF4B-00C04F79EFBC}") = "ClientSide", "ClientSide\ClientSide.csproj", "{94651F4C-CA7E-4EB2-8978-0AF7CE61371E}"
	ProjectSection(ProjectDependencies) = postProject
		{C6BCD977-9B0D-4404-BD36-332044B0CD25} = {C6BCD977-9B0D-4404-BD36-332044B0CD25}
	EndProjectSection
EndProject
Project("{2150E333-8FDC-42A3-9474-1A3956D46DE8}") = "Client", "Client", "{DF0CAA22-51D8-4BD7-BA27-CEDD5B1F75C0}"
EndProject
Project("{2150E333-8FDC-42A3-9474-1A3956D46DE8}") = "Server", "Server", "{764F7458-0DF2-4CE9-BE0E-227A64A03B0C}"
EndProject
Project("{2150E333-8FDC-42A3-9474-1A3956D46DE8}") = "DB", "DB", "{AB11F5D6-1396-4AC6-A1F5-4D41C6B37ABC}"
EndProject
Global
	GlobalSection(SolutionConfigurationPlatforms) = preSolution
		Debug|Any CPU = Debug|Any CPU
		Release|Any CPU = Release|Any CPU
	EndGlobalSection
	GlobalSection(ProjectConfigurationPlatforms) = postSolution
		{C6BCD977-9B0D-4404-BD36-332044B0CD25}.Debug|Any CPU.ActiveCfg = Debug|Any CPU
		{C6BCD977-9B0D-4404-BD36-332044B0CD25}.Debug|Any CPU.Build.0 = Debug|Any CPU
		{C6BCD977-9B0D-4404-BD36-332044B0CD25}.Release|Any CPU.ActiveCfg = Release|Any CPU
		{C6BCD977-9B0D-4404-BD36-332044B0CD25}.Release|Any CPU.Build.0 = Release|Any CPU
		{94651F4C-CA7E-4EB2-8978-0AF7CE61371E}.Debug|Any CPU.ActiveCfg = Debug|Any CPU
		{94651F4C-CA7E-4EB2-8978-0AF7CE61371E}.Debug|Any CPU.Build.0 = Debug|Any CPU
		{94651F4C-CA7E-4EB2-8978-0AF7CE61371E}.Release|Any CPU.ActiveCfg = Release|Any CPU
		{94651F4C-CA7E-4EB2-8978-0AF7CE61371E}.Release|Any CPU.Build.0 = Release|Any CPU
	EndGlobalSection
	GlobalSection(SolutionProperties) = preSolution
		HideSolutionNode = FALSE
	EndGlobalSection
	GlobalSection(NestedProjects) = preSolution
		{C6BCD977-9B0D-4404-BD36-332044B0CD25} = {764F7458-0DF2-4CE9-BE0E-227A64A03B0C}
		{94651F4C-CA7E-4EB2-8978-0AF7CE61371E} = {DF0CAA22-51D8-4BD7-BA27-CEDD5B1F75C0}
	EndGlobalSection
	GlobalSection(ExtensibilityGlobals) = postSolution
		SolutionGuid = {1CC8756B-3C7B-4D97-A1B8-12C6024D4AB9}
	EndGlobalSection
EndGlobal
